{"SurveyEntry":{"SurveyID":"SV_9tQRmepA8nXUC33","SurveyName":"Sample Senior Survey","SurveyDescription":null,"SurveyOwnerID":"UR_2cvipk0V9ej9J1q","SurveyBrandID":"williamscollege","DivisionID":"DV_6YCLmpdaVG6nXYF","SurveyLanguage":"EN","SurveyActiveResponseSet":"RS_3z1WG4AapOgqHzf","SurveyStatus":"Active","SurveyStartDate":"0000-00-00 00:00:00","SurveyExpirationDate":"0000-00-00 00:00:00","SurveyCreationDate":"2015-11-03 18:30:36","CreatorID":"UR_2cvipk0V9ej9J1q","LastModified":"2015-11-04 06:40:24","LastAccessed":"0000-00-00 00:00:00","LastActivated":"2015-11-04 06:29:00","Deleted":null},"SurveyElements":[{"SurveyID":"SV_9tQRmepA8nXUC33","Element":"BL","PrimaryAttribute":"Survey Blocks","SecondaryAttribute":null,"TertiaryAttribute":null,"Payload":[{"Type":"Default","Description":"Default Question Block","ID":"BL_9RA1F2IBJjel5bf","BlockElements":[{"Type":"Question","QuestionID":"QID1"},{"Type":"Question","QuestionID":"QID2"},{"Type":"Question","QuestionID":"QID3"},{"Type":"Question","QuestionID":"QID4"}]},{"Type":"Trash","Description":"Trash \/ Unused Questions","ID":"BL_6kQvJVcJq1ZJbc9"}]},{"SurveyID":"SV_9tQRmepA8nXUC33","Element":"FL","PrimaryAttribute":"Survey Flow","SecondaryAttribute":null,"TertiaryAttribute":null,"Payload":{"Flow":[{"ID":"BL_9RA1F2IBJjel5bf","Type":"Block","FlowID":"FL_2"}],"Properties":{"Count":2},"FlowID":"FL_1","Type":"Root"}},{"SurveyID":"SV_9tQRmepA8nXUC33","Element":"SO","PrimaryAttribute":"Survey Options","SecondaryAttribute":null,"TertiaryAttribute":null,"Payload":{"BackButton":"false","SaveAndContinue":"true","SurveyProtection":"PublicSurvey","BallotBoxStuffingPrevention":"false","NoIndex":"Yes","SurveyExpiration":"None","SurveyTermination":"DefaultMessage","Header":"","Footer":"","ProgressBarDisplay":"None","PartialData":"+1 week","ValidationMessage":"","PreviousButton":"  <<  ","NextButton":"  >>  ","SkinLibrary":"williamscollege","SkinType":"MQ","Skin":"williamscollege1","NewScoring":1,"ProtectSelectionIds":true}},{"SurveyID":"SV_9tQRmepA8nXUC33","Element":"SCO","PrimaryAttribute":"Scoring","SecondaryAttribute":null,"TertiaryAttribute":null,"Payload":{"ScoringCategories":[],"ScoringCategoryGroups":[],"ScoringSummaryCategory":null,"ScoringSummaryAfterQuestions":0,"ScoringSummaryAfterSurvey":0,"DefaultScoringCategory":null,"AutoScoringCategory":null}},{"SurveyID":"SV_9tQRmepA8nXUC33","Element":"STAT","PrimaryAttribute":"Survey Statistics","SecondaryAttribute":null,"TertiaryAttribute":null,"Payload":{"MobileCompatible":true,"ID":"Survey Statistics"}},{"SurveyID":"SV_9tQRmepA8nXUC33","Element":"QC","PrimaryAttribute":"Survey Question Count","SecondaryAttribute":"4","TertiaryAttribute":null,"Payload":null},{"SurveyID":"SV_9tQRmepA8nXUC33","Element":"RS","PrimaryAttribute":"RS_3z1WG4AapOgqHzf","SecondaryAttribute":"Default Response Set","TertiaryAttribute":null,"Payload":null},{"SurveyID":"SV_9tQRmepA8nXUC33","Element":"SQ","PrimaryAttribute":"QID1","SecondaryAttribute":"Overall, how satisfied with your undergraduate education?","TertiaryAttribute":null,"Payload":{"QuestionText":"Overall, how satisfied with your undergraduate education?","DataExportTag":"Q2","QuestionType":"MC","Selector":"SAVR","SubSelector":"TX","Configuration":{"QuestionDescriptionOption":"UseText"},"QuestionDescription":"Overall, how satisfied with your undergraduate education?","Choices":{"1":{"Display":"Very Dissatisfied"},"2":{"Display":"Generally Dissatisfied"},"3":{"Display":"Ambivalent"},"4":{"Display":"Generally Satisfied"},"5":{"Display":"Very Satisfied"}},"ChoiceOrder":[1,2,3,4,5],"Validation":{"Settings":{"ForceResponse":"OFF","ForceResponseType":"ON","Type":"None"}},"Language":[],"QuestionID":"QID1"}},{"SurveyID":"SV_9tQRmepA8nXUC33","Element":"SQ","PrimaryAttribute":"QID2","SecondaryAttribute":"Thinking about your entire undergraduate experience, how satisfied are you with each of the follo...","TertiaryAttribute":null,"Payload":{"QuestionText":"Thinking about your entire undergraduate experience, how satisfied are you with each of the following?","DefaultChoices":false,"DataExportTag":"Q4","QuestionType":"Matrix","Selector":"Likert","SubSelector":"SingleAnswer","Configuration":{"QuestionDescriptionOption":"UseText","TextPosition":"inline","ChoiceColumnWidth":25,"RepeatHeaders":"none","WhiteSpace":"OFF","MobileFirst":true},"QuestionDescription":"Thinking about your entire undergraduate experience, how satisfied are you with each of the follo...","Choices":{"1":{"Display":"Level of intellectual excitement on campus"},"2":{"Display":"Overall quality of instruction"},"3":{"Display":"Opportunities to participate in extracurricular activities"},"4":{"Display":"Social life on campus"},"5":{"Display":"Opportunities for personal growth and development"}},"ChoiceOrder":[1,2,3,4,5],"Validation":{"Settings":{"ForceResponse":"OFF","ForceResponseType":"ON","Type":"None"}},"GradingData":[],"Language":[],"Answers":{"1":{"Display":"Very Dissatisfied"},"2":{"Display":"Generally Dissatisfied"},"3":{"Display":"Generally Satisfied"},"4":{"Display":"Very Satisfied"}},"AnswerOrder":[1,2,3,4],"ChoiceDataExportTags":false,"QuestionID":"QID2"}},{"SurveyID":"SV_9tQRmepA8nXUC33","Element":"SQ","PrimaryAttribute":"QID3","SecondaryAttribute":"Thinking about your entire undergraduate experience, how satisfied are you with each of the follo...","TertiaryAttribute":null,"Payload":{"QuestionText":"Thinking about your entire undergraduate experience, how satisfied are you with each of the following?","DefaultChoices":false,"DataExportTag":"Q6","QuestionType":"Matrix","Selector":"Likert","SubSelector":"SingleAnswer","Configuration":{"QuestionDescriptionOption":"UseText","TextPosition":"inline","ChoiceColumnWidth":25,"RepeatHeaders":"none","WhiteSpace":"OFF","MobileFirst":true},"QuestionDescription":"Thinking about your entire undergraduate experience, how satisfied are you with each of the follo...","Choices":{"1":{"Display":"Academic advising before declaring a major"},"2":{"Display":"Out-of-class availability of faculty"},"3":{"Display":"Opportunities to participate in research with a faculty member"},"4":{"Display":"Availability of academic support and assistance"},"5":{"Display":"Availability of courses you wanted to take outside your major"},"6":{"Display":"Quality of instruction in humanities and arts courses"},"7":{"Display":"Quality of instruction in natural science and math courses"},"8":{"Display":"Quality of instruction in social science courses"},"9":{"Display":"Quality of instruction in pre-med courses"}},"ChoiceOrder":[1,2,3,4,5,6,7,8,9],"Validation":{"Settings":{"ForceResponse":"OFF","ForceResponseType":"ON","Type":"None"}},"GradingData":[],"Language":[],"Answers":{"1":{"Display":"Very Dissatisfied"},"2":{"Display":"Generally Dissatisfied"},"3":{"Display":"Generally Satisfied"},"4":{"Display":"Very Satisfied"},"5":{"Display":"Not Applicable"}},"AnswerOrder":[1,2,3,4,5],"ChoiceDataExportTags":false,"QuestionID":"QID3"}},{"SurveyID":"SV_9tQRmepA8nXUC33","Element":"SQ","PrimaryAttribute":"QID4","SecondaryAttribute":"What do you expect to be doing this Fall? Mark all that apply.","TertiaryAttribute":null,"Payload":{"QuestionText":"What do you expect to be doing this Fall? Mark all that apply.","DataExportTag":"Q8","QuestionType":"MC","Selector":"MAVR","SubSelector":"TX","Configuration":{"QuestionDescriptionOption":"UseText"},"QuestionDescription":"What do you expect to be doing this Fall? Mark all that apply.","Choices":{"1":{"Display":"Working for pay full-time (including self-employment)"},"2":{"Display":"Working for pay part-time"},"3":{"Display":"Starting my own company or organization"},"4":{"Display":"Attending graduate or professional school full-time"},"5":{"Display":"Attending graduate or professional school part-time"},"6":{"Display":"Enrolled in some other education program (such as completing your current degree or a post-baccalaureate program)"},"7":{"Display":"Other"}},"ChoiceOrder":[1,2,3,4,5,6,7],"Validation":{"Settings":{"ForceResponse":"OFF","ForceResponseType":"ON","Type":"None"}},"Language":[],"QuestionID":"QID4"}}]}